// !$*UTF8*$!
{
	archiveVersion = 1;
	classes = {
	};
	objectVersion = 46;
	objects = {

/* Begin PBXBuildFile section */
		432C2C2A193F156F008F25F7 /* WOACheckForUpdate.m in Sources */ = {isa = PBXBuildFile; fileRef = 432C2C29193F156F008F25F7 /* WOACheckForUpdate.m */; };
		43306998193D72D9009006A4 /* WOASessionTokens.m in Sources */ = {isa = PBXBuildFile; fileRef = 43306997193D72D9009006A4 /* WOASessionTokens.m */; };
		4330699B193D72F1009006A4 /* WOAAccountCredential.m in Sources */ = {isa = PBXBuildFile; fileRef = 4330699A193D72F1009006A4 /* WOAAccountCredential.m */; };
		433871EB19470B18007FD6D5 /* VSActionSheetDatePicker.m in Sources */ = {isa = PBXBuildFile; fileRef = 433871EA19470B18007FD6D5 /* VSActionSheetDatePicker.m */; };
		433B431D1953CC4A00B2D5D0 /* WOASplashViewController.m in Sources */ = {isa = PBXBuildFile; fileRef = 433B431B1953CC4A00B2D5D0 /* WOASplashViewController.m */; };
		4343832819485AF200F108A3 /* WOADynamicLabelTextField.m in Sources */ = {isa = PBXBuildFile; fileRef = 4343832719485AF200F108A3 /* WOADynamicLabelTextField.m */; };
		43460A6D194EACE000E9CDDE /* NSData+HexadecimalRepresentation.m in Sources */ = {isa = PBXBuildFile; fileRef = 43460A6C194EACE000E9CDDE /* NSData+HexadecimalRepresentation.m */; };
		4393824919540D6100062FC9 /* VSPopoverBackgroundView.m in Sources */ = {isa = PBXBuildFile; fileRef = 4393824819540D6100062FC9 /* VSPopoverBackgroundView.m */; };
		4393824C19540E2E00062FC9 /* VSPopoverDefine.m in Sources */ = {isa = PBXBuildFile; fileRef = 4393824B19540E2E00062FC9 /* VSPopoverDefine.m */; };
		4393824F195415F900062FC9 /* VSPopoverView.m in Sources */ = {isa = PBXBuildFile; fileRef = 4393824E195415F900062FC9 /* VSPopoverView.m */; };
		4393825219541A8C00062FC9 /* VSPopoverController.m in Sources */ = {isa = PBXBuildFile; fileRef = 4393825119541A8C00062FC9 /* VSPopoverController.m */; };
		4393825519541CD000062FC9 /* UIBarButtonItem+VSPopoverViewController.m in Sources */ = {isa = PBXBuildFile; fileRef = 4393825419541CD000062FC9 /* UIBarButtonItem+VSPopoverViewController.m */; };
		4393825819542A2400062FC9 /* WOAListViewController.m in Sources */ = {isa = PBXBuildFile; fileRef = 4393825719542A2400062FC9 /* WOAListViewController.m */; };
		DC2D3FB8193A10C300069BB8 /* Foundation.framework in Frameworks */ = {isa = PBXBuildFile; fileRef = DC2D3FB7193A10C300069BB8 /* Foundation.framework */; };
		DC2D3FBA193A10C300069BB8 /* CoreGraphics.framework in Frameworks */ = {isa = PBXBuildFile; fileRef = DC2D3FB9193A10C300069BB8 /* CoreGraphics.framework */; };
		DC2D3FBC193A10C300069BB8 /* UIKit.framework in Frameworks */ = {isa = PBXBuildFile; fileRef = DC2D3FBB193A10C300069BB8 /* UIKit.framework */; };
		DC2D3FC2193A10C300069BB8 /* InfoPlist.strings in Resources */ = {isa = PBXBuildFile; fileRef = DC2D3FC0193A10C300069BB8 /* InfoPlist.strings */; };
		DC2D3FC4193A10C300069BB8 /* main.m in Sources */ = {isa = PBXBuildFile; fileRef = DC2D3FC3193A10C300069BB8 /* main.m */; };
		DC2D3FC8193A10C300069BB8 /* WOAAppDelegate.m in Sources */ = {isa = PBXBuildFile; fileRef = DC2D3FC7193A10C300069BB8 /* WOAAppDelegate.m */; };
		DC2D3FCA193A10C300069BB8 /* Images.xcassets in Resources */ = {isa = PBXBuildFile; fileRef = DC2D3FC9193A10C300069BB8 /* Images.xcassets */; };
		DC2D3FD1193A10C300069BB8 /* XCTest.framework in Frameworks */ = {isa = PBXBuildFile; fileRef = DC2D3FD0193A10C300069BB8 /* XCTest.framework */; };
		DC2D3FD2193A10C300069BB8 /* Foundation.framework in Frameworks */ = {isa = PBXBuildFile; fileRef = DC2D3FB7193A10C300069BB8 /* Foundation.framework */; };
		DC2D3FD3193A10C300069BB8 /* UIKit.framework in Frameworks */ = {isa = PBXBuildFile; fileRef = DC2D3FBB193A10C300069BB8 /* UIKit.framework */; };
		DC2D3FDB193A10C300069BB8 /* InfoPlist.strings in Resources */ = {isa = PBXBuildFile; fileRef = DC2D3FD9193A10C300069BB8 /* InfoPlist.strings */; };
		DC2D3FDD193A10C300069BB8 /* WOAMobileTests.m in Sources */ = {isa = PBXBuildFile; fileRef = DC2D3FDC193A10C300069BB8 /* WOAMobileTests.m */; };
		DC834E741942176000C724BE /* WOAPacketHelper.m in Sources */ = {isa = PBXBuildFile; fileRef = DC834E731942176000C724BE /* WOAPacketHelper.m */; };
		DC834F30194288A000C724BE /* NSString+PinyinInitial.m in Sources */ = {isa = PBXBuildFile; fileRef = DC834F2F194288A000C724BE /* NSString+PinyinInitial.m */; };
		DC834F3D19445FBF00C724BE /* WOALayout.m in Sources */ = {isa = PBXBuildFile; fileRef = DC834F3C19445FBF00C724BE /* WOALayout.m */; };
		DC83A8591940C2E2003C7AB6 /* WOARequestContent.m in Sources */ = {isa = PBXBuildFile; fileRef = DC83A8581940C2E2003C7AB6 /* WOARequestContent.m */; };
		DC83A85C1940C2F1003C7AB6 /* WOAResponeContent.m in Sources */ = {isa = PBXBuildFile; fileRef = DC83A85B1940C2F1003C7AB6 /* WOAResponeContent.m */; };
		DC8B0852193A159400217F45 /* WOALoginViewController.m in Sources */ = {isa = PBXBuildFile; fileRef = DC8B0851193A159400217F45 /* WOALoginViewController.m */; };
		DC8B0855193A173B00217F45 /* WOAPropertyInfo.m in Sources */ = {isa = PBXBuildFile; fileRef = DC8B0854193A173B00217F45 /* WOAPropertyInfo.m */; };
		DC8B0911193A28F600217F45 /* WOABrandData.m in Sources */ = {isa = PBXBuildFile; fileRef = DC8B0910193A28F600217F45 /* WOABrandData.m */; };
		DC8B099D193B89B800217F45 /* WOAFlowController.m in Sources */ = {isa = PBXBuildFile; fileRef = DC8B0976193B89B700217F45 /* WOAFlowController.m */; };
		DC8B099E193B89B800217F45 /* WOAFlowDefine.m in Sources */ = {isa = PBXBuildFile; fileRef = DC8B0978193B89B700217F45 /* WOAFlowDefine.m */; };
		DC8B09A0193B89B800217F45 /* WOAHTTPRequester.m in Sources */ = {isa = PBXBuildFile; fileRef = DC8B097C193B89B700217F45 /* WOAHTTPRequester.m */; };
		DC8B09A1193B89B800217F45 /* WOAWorkflowDetailViewController.m in Sources */ = {isa = PBXBuildFile; fileRef = DC8B097E193B89B700217F45 /* WOAWorkflowDetailViewController.m */; };
		DC8B09A4193B89B800217F45 /* WOALoadingViewController.m in Sources */ = {isa = PBXBuildFile; fileRef = DC8B0984193B89B700217F45 /* WOALoadingViewController.m */; };
		DC8B09A5193B89B800217F45 /* WOAMoreFeatureViewController.m in Sources */ = {isa = PBXBuildFile; fileRef = DC8B0986193B89B700217F45 /* WOAMoreFeatureViewController.m */; };
		DC8B09A7193B89B800217F45 /* WOARootViewController.m in Sources */ = {isa = PBXBuildFile; fileRef = DC8B098A193B89B700217F45 /* WOARootViewController.m */; };
		DC8B09A8193B89B800217F45 /* WOASelectNextReviewerViewController.m in Sources */ = {isa = PBXBuildFile; fileRef = DC8B098C193B89B800217F45 /* WOASelectNextReviewerViewController.m */; };
		DC8B09AA193B89B800217F45 /* WOASession.m in Sources */ = {isa = PBXBuildFile; fileRef = DC8B0990193B89B800217F45 /* WOASession.m */; };
		DC8B09AF193B89B800217F45 /* WOAWorkflowFormListViewController.m in Sources */ = {isa = PBXBuildFile; fileRef = DC8B099A193B89B800217F45 /* WOAWorkflowFormListViewController.m */; };
		DC8B09B0193B89B800217F45 /* WOAWorkflowTypeListViewController.m in Sources */ = {isa = PBXBuildFile; fileRef = DC8B099C193B89B800217F45 /* WOAWorkflowTypeListViewController.m */; };
		DC8F5B3A195397B400C0688C /* UIColor+AppTheme.m in Sources */ = {isa = PBXBuildFile; fileRef = DC8F5B39195397B400C0688C /* UIColor+AppTheme.m */; };
		DCA7A27019490E48000D7EBE /* VSActionSheetPickerView.m in Sources */ = {isa = PBXBuildFile; fileRef = DCA7A26F19490E48000D7EBE /* VSActionSheetPickerView.m */; };
		DCAAE19D193F478A00AF2AF0 /* WOAMenuItemModel.m in Sources */ = {isa = PBXBuildFile; fileRef = DCAAE19C193F478A00AF2AF0 /* WOAMenuItemModel.m */; };
		DCAAE25A193FE10A00AF2AF0 /* WOAAboutViewController.m in Sources */ = {isa = PBXBuildFile; fileRef = DCAAE258193FE10A00AF2AF0 /* WOAAboutViewController.m */; };
		DCAAE25B193FE10A00AF2AF0 /* WOAAboutViewController.xib in Resources */ = {isa = PBXBuildFile; fileRef = DCAAE259193FE10A00AF2AF0 /* WOAAboutViewController.xib */; };
		DCAAE25D193FE61500AF2AF0 /* WOALoginViewController.xib in Resources */ = {isa = PBXBuildFile; fileRef = DCAAE25C193FE61500AF2AF0 /* WOALoginViewController.xib */; };
		DCB345A1194BD8D5006519E8 /* VSSelectedTableViewCell.m in Sources */ = {isa = PBXBuildFile; fileRef = DCB345A0194BD8D5006519E8 /* VSSelectedTableViewCell.m */; };
		DCB3465C194BDA20006519E8 /* WOALoadingViewController.xib in Resources */ = {isa = PBXBuildFile; fileRef = DCB3465B194BDA20006519E8 /* WOALoadingViewController.xib */; };
		DCC82DC3194D9927001FE18B /* UINavigationController+RootViewController.m in Sources */ = {isa = PBXBuildFile; fileRef = DCC82DC2194D9927001FE18B /* UINavigationController+RootViewController.m */; };
/* End PBXBuildFile section */

/* Begin PBXContainerItemProxy section */
		DC2D3FD4193A10C300069BB8 /* PBXContainerItemProxy */ = {
			isa = PBXContainerItemProxy;
			containerPortal = DC2D3FAC193A10C300069BB8 /* Project object */;
			proxyType = 1;
			remoteGlobalIDString = DC2D3FB3193A10C300069BB8;
			remoteInfo = WOAMobile;
		};
/* End PBXContainerItemProxy section */

/* Begin PBXFileReference section */
		432C2C28193F156F008F25F7 /* WOACheckForUpdate.h */ = {isa = PBXFileReference; fileEncoding = 4; lastKnownFileType = sourcecode.c.h; path = WOACheckForUpdate.h; sourceTree = "<group>"; };
		432C2C29193F156F008F25F7 /* WOACheckForUpdate.m */ = {isa = PBXFileReference; fileEncoding = 4; lastKnownFileType = sourcecode.c.objc; path = WOACheckForUpdate.m; sourceTree = "<group>"; };
		43306996193D72D9009006A4 /* WOASessionTokens.h */ = {isa = PBXFileReference; fileEncoding = 4; lastKnownFileType = sourcecode.c.h; path = WOASessionTokens.h; sourceTree = "<group>"; };
		43306997193D72D9009006A4 /* WOASessionTokens.m */ = {isa = PBXFileReference; fileEncoding = 4; lastKnownFileType = sourcecode.c.objc; path = WOASessionTokens.m; sourceTree = "<group>"; };
		43306999193D72F1009006A4 /* WOAAccountCredential.h */ = {isa = PBXFileReference; fileEncoding = 4; lastKnownFileType = sourcecode.c.h; path = WOAAccountCredential.h; sourceTree = "<group>"; };
		4330699A193D72F1009006A4 /* WOAAccountCredential.m */ = {isa = PBXFileReference; fileEncoding = 4; lastKnownFileType = sourcecode.c.objc; path = WOAAccountCredential.m; sourceTree = "<group>"; };
		433871E919470B18007FD6D5 /* VSActionSheetDatePicker.h */ = {isa = PBXFileReference; fileEncoding = 4; lastKnownFileType = sourcecode.c.h; path = VSActionSheetDatePicker.h; sourceTree = "<group>"; };
		433871EA19470B18007FD6D5 /* VSActionSheetDatePicker.m */ = {isa = PBXFileReference; fileEncoding = 4; lastKnownFileType = sourcecode.c.objc; path = VSActionSheetDatePicker.m; sourceTree = "<group>"; };
		433B431A1953CC4A00B2D5D0 /* WOASplashViewController.h */ = {isa = PBXFileReference; fileEncoding = 4; lastKnownFileType = sourcecode.c.h; path = WOASplashViewController.h; sourceTree = "<group>"; };
		433B431B1953CC4A00B2D5D0 /* WOASplashViewController.m */ = {isa = PBXFileReference; fileEncoding = 4; lastKnownFileType = sourcecode.c.objc; path = WOASplashViewController.m; sourceTree = "<group>"; };
		4343832619485AF200F108A3 /* WOADynamicLabelTextField.h */ = {isa = PBXFileReference; fileEncoding = 4; lastKnownFileType = sourcecode.c.h; path = WOADynamicLabelTextField.h; sourceTree = "<group>"; };
		4343832719485AF200F108A3 /* WOADynamicLabelTextField.m */ = {isa = PBXFileReference; fileEncoding = 4; lastKnownFileType = sourcecode.c.objc; path = WOADynamicLabelTextField.m; sourceTree = "<group>"; };
		43460A6B194EACE000E9CDDE /* NSData+HexadecimalRepresentation.h */ = {isa = PBXFileReference; fileEncoding = 4; lastKnownFileType = sourcecode.c.h; path = "NSData+HexadecimalRepresentation.h"; sourceTree = "<group>"; };
		43460A6C194EACE000E9CDDE /* NSData+HexadecimalRepresentation.m */ = {isa = PBXFileReference; fileEncoding = 4; lastKnownFileType = sourcecode.c.objc; path = "NSData+HexadecimalRepresentation.m"; sourceTree = "<group>"; };
		4393824719540D6100062FC9 /* VSPopoverBackgroundView.h */ = {isa = PBXFileReference; fileEncoding = 4; lastKnownFileType = sourcecode.c.h; path = VSPopoverBackgroundView.h; sourceTree = "<group>"; };
		4393824819540D6100062FC9 /* VSPopoverBackgroundView.m */ = {isa = PBXFileReference; fileEncoding = 4; lastKnownFileType = sourcecode.c.objc; path = VSPopoverBackgroundView.m; sourceTree = "<group>"; };
		4393824A19540E2E00062FC9 /* VSPopoverDefine.h */ = {isa = PBXFileReference; fileEncoding = 4; lastKnownFileType = sourcecode.c.h; path = VSPopoverDefine.h; sourceTree = "<group>"; };
		4393824B19540E2E00062FC9 /* VSPopoverDefine.m */ = {isa = PBXFileReference; fileEncoding = 4; lastKnownFileType = sourcecode.c.objc; path = VSPopoverDefine.m; sourceTree = "<group>"; };
		4393824D195415F900062FC9 /* VSPopoverView.h */ = {isa = PBXFileReference; fileEncoding = 4; lastKnownFileType = sourcecode.c.h; path = VSPopoverView.h; sourceTree = "<group>"; };
		4393824E195415F900062FC9 /* VSPopoverView.m */ = {isa = PBXFileReference; fileEncoding = 4; lastKnownFileType = sourcecode.c.objc; path = VSPopoverView.m; sourceTree = "<group>"; };
		4393825019541A8C00062FC9 /* VSPopoverController.h */ = {isa = PBXFileReference; fileEncoding = 4; lastKnownFileType = sourcecode.c.h; path = VSPopoverController.h; sourceTree = "<group>"; };
		4393825119541A8C00062FC9 /* VSPopoverController.m */ = {isa = PBXFileReference; fileEncoding = 4; lastKnownFileType = sourcecode.c.objc; path = VSPopoverController.m; sourceTree = "<group>"; };
		4393825319541CD000062FC9 /* UIBarButtonItem+VSPopoverViewController.h */ = {isa = PBXFileReference; fileEncoding = 4; lastKnownFileType = sourcecode.c.h; path = "UIBarButtonItem+VSPopoverViewController.h"; sourceTree = "<group>"; };
		4393825419541CD000062FC9 /* UIBarButtonItem+VSPopoverViewController.m */ = {isa = PBXFileReference; fileEncoding = 4; lastKnownFileType = sourcecode.c.objc; path = "UIBarButtonItem+VSPopoverViewController.m"; sourceTree = "<group>"; };
		4393825619542A2400062FC9 /* WOAListViewController.h */ = {isa = PBXFileReference; fileEncoding = 4; lastKnownFileType = sourcecode.c.h; path = WOAListViewController.h; sourceTree = "<group>"; };
		4393825719542A2400062FC9 /* WOAListViewController.m */ = {isa = PBXFileReference; fileEncoding = 4; lastKnownFileType = sourcecode.c.objc; path = WOAListViewController.m; sourceTree = "<group>"; };
		DC19B9AD194F32FE00F446C4 /* zh-Hans */ = {isa = PBXFileReference; lastKnownFileType = text.plist.strings; name = "zh-Hans"; path = "zh-Hans.lproj/InfoPlist.strings"; sourceTree = "<group>"; };
		DC19B9AE194F32FE00F446C4 /* zh-Hans */ = {isa = PBXFileReference; lastKnownFileType = text.plist.strings; name = "zh-Hans"; path = "zh-Hans.lproj/InfoPlist.strings"; sourceTree = "<group>"; };
		DC2D3FB4193A10C300069BB8 /* WOAMobile.app */ = {isa = PBXFileReference; explicitFileType = wrapper.application; includeInIndex = 0; path = WOAMobile.app; sourceTree = BUILT_PRODUCTS_DIR; };
		DC2D3FB7193A10C300069BB8 /* Foundation.framework */ = {isa = PBXFileReference; lastKnownFileType = wrapper.framework; name = Foundation.framework; path = System/Library/Frameworks/Foundation.framework; sourceTree = SDKROOT; };
		DC2D3FB9193A10C300069BB8 /* CoreGraphics.framework */ = {isa = PBXFileReference; lastKnownFileType = wrapper.framework; name = CoreGraphics.framework; path = System/Library/Frameworks/CoreGraphics.framework; sourceTree = SDKROOT; };
		DC2D3FBB193A10C300069BB8 /* UIKit.framework */ = {isa = PBXFileReference; lastKnownFileType = wrapper.framework; name = UIKit.framework; path = System/Library/Frameworks/UIKit.framework; sourceTree = SDKROOT; };
		DC2D3FBF193A10C300069BB8 /* WOAMobile-Info.plist */ = {isa = PBXFileReference; lastKnownFileType = text.plist.xml; path = "WOAMobile-Info.plist"; sourceTree = "<group>"; };
		DC2D3FC1193A10C300069BB8 /* en */ = {isa = PBXFileReference; lastKnownFileType = text.plist.strings; name = en; path = en.lproj/InfoPlist.strings; sourceTree = "<group>"; };
		DC2D3FC3193A10C300069BB8 /* main.m */ = {isa = PBXFileReference; lastKnownFileType = sourcecode.c.objc; path = main.m; sourceTree = "<group>"; };
		DC2D3FC5193A10C300069BB8 /* WOAMobile-Prefix.pch */ = {isa = PBXFileReference; lastKnownFileType = sourcecode.c.h; path = "WOAMobile-Prefix.pch"; sourceTree = "<group>"; };
		DC2D3FC6193A10C300069BB8 /* WOAAppDelegate.h */ = {isa = PBXFileReference; lastKnownFileType = sourcecode.c.h; path = WOAAppDelegate.h; sourceTree = "<group>"; };
		DC2D3FC7193A10C300069BB8 /* WOAAppDelegate.m */ = {isa = PBXFileReference; lastKnownFileType = sourcecode.c.objc; path = WOAAppDelegate.m; sourceTree = "<group>"; };
		DC2D3FC9193A10C300069BB8 /* Images.xcassets */ = {isa = PBXFileReference; lastKnownFileType = folder.assetcatalog; path = Images.xcassets; sourceTree = "<group>"; };
		DC2D3FCF193A10C300069BB8 /* WOAMobileTests.xctest */ = {isa = PBXFileReference; explicitFileType = wrapper.cfbundle; includeInIndex = 0; path = WOAMobileTests.xctest; sourceTree = BUILT_PRODUCTS_DIR; };
		DC2D3FD0193A10C300069BB8 /* XCTest.framework */ = {isa = PBXFileReference; lastKnownFileType = wrapper.framework; name = XCTest.framework; path = Library/Frameworks/XCTest.framework; sourceTree = DEVELOPER_DIR; };
		DC2D3FD8193A10C300069BB8 /* WOAMobileTests-Info.plist */ = {isa = PBXFileReference; lastKnownFileType = text.plist.xml; path = "WOAMobileTests-Info.plist"; sourceTree = "<group>"; };
		DC2D3FDA193A10C300069BB8 /* en */ = {isa = PBXFileReference; lastKnownFileType = text.plist.strings; name = en; path = en.lproj/InfoPlist.strings; sourceTree = "<group>"; };
		DC2D3FDC193A10C300069BB8 /* WOAMobileTests.m */ = {isa = PBXFileReference; lastKnownFileType = sourcecode.c.objc; path = WOAMobileTests.m; sourceTree = "<group>"; };
		DC834E721942176000C724BE /* WOAPacketHelper.h */ = {isa = PBXFileReference; fileEncoding = 4; lastKnownFileType = sourcecode.c.h; path = WOAPacketHelper.h; sourceTree = "<group>"; };
		DC834E731942176000C724BE /* WOAPacketHelper.m */ = {isa = PBXFileReference; fileEncoding = 4; lastKnownFileType = sourcecode.c.objc; path = WOAPacketHelper.m; sourceTree = "<group>"; };
		DC834F2E194288A000C724BE /* NSString+PinyinInitial.h */ = {isa = PBXFileReference; fileEncoding = 4; lastKnownFileType = sourcecode.c.h; path = "NSString+PinyinInitial.h"; sourceTree = "<group>"; };
		DC834F2F194288A000C724BE /* NSString+PinyinInitial.m */ = {isa = PBXFileReference; fileEncoding = 4; lastKnownFileType = sourcecode.c.objc; path = "NSString+PinyinInitial.m"; sourceTree = "<group>"; };
		DC834F3B19445FBF00C724BE /* WOALayout.h */ = {isa = PBXFileReference; fileEncoding = 4; lastKnownFileType = sourcecode.c.h; path = WOALayout.h; sourceTree = "<group>"; };
		DC834F3C19445FBF00C724BE /* WOALayout.m */ = {isa = PBXFileReference; fileEncoding = 4; lastKnownFileType = sourcecode.c.objc; path = WOALayout.m; sourceTree = "<group>"; };
		DC83A8571940C2E2003C7AB6 /* WOARequestContent.h */ = {isa = PBXFileReference; fileEncoding = 4; lastKnownFileType = sourcecode.c.h; path = WOARequestContent.h; sourceTree = "<group>"; };
		DC83A8581940C2E2003C7AB6 /* WOARequestContent.m */ = {isa = PBXFileReference; fileEncoding = 4; lastKnownFileType = sourcecode.c.objc; path = WOARequestContent.m; sourceTree = "<group>"; };
		DC83A85A1940C2F1003C7AB6 /* WOAResponeContent.h */ = {isa = PBXFileReference; fileEncoding = 4; lastKnownFileType = sourcecode.c.h; path = WOAResponeContent.h; sourceTree = "<group>"; };
		DC83A85B1940C2F1003C7AB6 /* WOAResponeContent.m */ = {isa = PBXFileReference; fileEncoding = 4; lastKnownFileType = sourcecode.c.objc; path = WOAResponeContent.m; sourceTree = "<group>"; };
		DC8B0850193A159400217F45 /* WOALoginViewController.h */ = {isa = PBXFileReference; fileEncoding = 4; lastKnownFileType = sourcecode.c.h; path = WOALoginViewController.h; sourceTree = "<group>"; };
		DC8B0851193A159400217F45 /* WOALoginViewController.m */ = {isa = PBXFileReference; fileEncoding = 4; lastKnownFileType = sourcecode.c.objc; path = WOALoginViewController.m; sourceTree = "<group>"; };
		DC8B0853193A173B00217F45 /* WOAPropertyInfo.h */ = {isa = PBXFileReference; fileEncoding = 4; lastKnownFileType = sourcecode.c.h; path = WOAPropertyInfo.h; sourceTree = "<group>"; };
		DC8B0854193A173B00217F45 /* WOAPropertyInfo.m */ = {isa = PBXFileReference; fileEncoding = 4; lastKnownFileType = sourcecode.c.objc; path = WOAPropertyInfo.m; sourceTree = "<group>"; };
		DC8B090F193A28F600217F45 /* WOABrandData.h */ = {isa = PBXFileReference; fileEncoding = 4; lastKnownFileType = sourcecode.c.h; path = WOABrandData.h; sourceTree = "<group>"; };
		DC8B0910193A28F600217F45 /* WOABrandData.m */ = {isa = PBXFileReference; fileEncoding = 4; lastKnownFileType = sourcecode.c.objc; path = WOABrandData.m; sourceTree = "<group>"; };
		DC8B0975193B89B700217F45 /* WOAFlowController.h */ = {isa = PBXFileReference; fileEncoding = 4; lastKnownFileType = sourcecode.c.h; path = WOAFlowController.h; sourceTree = "<group>"; };
		DC8B0976193B89B700217F45 /* WOAFlowController.m */ = {isa = PBXFileReference; fileEncoding = 4; lastKnownFileType = sourcecode.c.objc; path = WOAFlowController.m; sourceTree = "<group>"; };
		DC8B0977193B89B700217F45 /* WOAFlowDefine.h */ = {isa = PBXFileReference; fileEncoding = 4; lastKnownFileType = sourcecode.c.h; path = WOAFlowDefine.h; sourceTree = "<group>"; };
		DC8B0978193B89B700217F45 /* WOAFlowDefine.m */ = {isa = PBXFileReference; fileEncoding = 4; lastKnownFileType = sourcecode.c.objc; path = WOAFlowDefine.m; sourceTree = "<group>"; };
		DC8B097B193B89B700217F45 /* WOAHTTPRequester.h */ = {isa = PBXFileReference; fileEncoding = 4; lastKnownFileType = sourcecode.c.h; path = WOAHTTPRequester.h; sourceTree = "<group>"; };
		DC8B097C193B89B700217F45 /* WOAHTTPRequester.m */ = {isa = PBXFileReference; fileEncoding = 4; lastKnownFileType = sourcecode.c.objc; path = WOAHTTPRequester.m; sourceTree = "<group>"; };
		DC8B097D193B89B700217F45 /* WOAWorkflowDetailViewController.h */ = {isa = PBXFileReference; fileEncoding = 4; lastKnownFileType = sourcecode.c.h; path = WOAWorkflowDetailViewController.h; sourceTree = "<group>"; };
		DC8B097E193B89B700217F45 /* WOAWorkflowDetailViewController.m */ = {isa = PBXFileReference; fileEncoding = 4; lastKnownFileType = sourcecode.c.objc; path = WOAWorkflowDetailViewController.m; sourceTree = "<group>"; };
		DC8B0983193B89B700217F45 /* WOALoadingViewController.h */ = {isa = PBXFileReference; fileEncoding = 4; lastKnownFileType = sourcecode.c.h; path = WOALoadingViewController.h; sourceTree = "<group>"; };
		DC8B0984193B89B700217F45 /* WOALoadingViewController.m */ = {isa = PBXFileReference; fileEncoding = 4; lastKnownFileType = sourcecode.c.objc; path = WOALoadingViewController.m; sourceTree = "<group>"; };
		DC8B0985193B89B700217F45 /* WOAMoreFeatureViewController.h */ = {isa = PBXFileReference; fileEncoding = 4; lastKnownFileType = sourcecode.c.h; path = WOAMoreFeatureViewController.h; sourceTree = "<group>"; };
		DC8B0986193B89B700217F45 /* WOAMoreFeatureViewController.m */ = {isa = PBXFileReference; fileEncoding = 4; lastKnownFileType = sourcecode.c.objc; path = WOAMoreFeatureViewController.m; sourceTree = "<group>"; };
		DC8B0989193B89B700217F45 /* WOARootViewController.h */ = {isa = PBXFileReference; fileEncoding = 4; lastKnownFileType = sourcecode.c.h; path = WOARootViewController.h; sourceTree = "<group>"; };
		DC8B098A193B89B700217F45 /* WOARootViewController.m */ = {isa = PBXFileReference; fileEncoding = 4; lastKnownFileType = sourcecode.c.objc; path = WOARootViewController.m; sourceTree = "<group>"; };
		DC8B098B193B89B800217F45 /* WOASelectNextReviewerViewController.h */ = {isa = PBXFileReference; fileEncoding = 4; lastKnownFileType = sourcecode.c.h; path = WOASelectNextReviewerViewController.h; sourceTree = "<group>"; };
		DC8B098C193B89B800217F45 /* WOASelectNextReviewerViewController.m */ = {isa = PBXFileReference; fileEncoding = 4; lastKnownFileType = sourcecode.c.objc; path = WOASelectNextReviewerViewController.m; sourceTree = "<group>"; };
		DC8B098F193B89B800217F45 /* WOASession.h */ = {isa = PBXFileReference; fileEncoding = 4; lastKnownFileType = sourcecode.c.h; path = WOASession.h; sourceTree = "<group>"; };
		DC8B0990193B89B800217F45 /* WOASession.m */ = {isa = PBXFileReference; fileEncoding = 4; lastKnownFileType = sourcecode.c.objc; path = WOASession.m; sourceTree = "<group>"; };
		DC8B0999193B89B800217F45 /* WOAWorkflowFormListViewController.h */ = {isa = PBXFileReference; fileEncoding = 4; lastKnownFileType = sourcecode.c.h; path = WOAWorkflowFormListViewController.h; sourceTree = "<group>"; };
		DC8B099A193B89B800217F45 /* WOAWorkflowFormListViewController.m */ = {isa = PBXFileReference; fileEncoding = 4; lastKnownFileType = sourcecode.c.objc; path = WOAWorkflowFormListViewController.m; sourceTree = "<group>"; };
		DC8B099B193B89B800217F45 /* WOAWorkflowTypeListViewController.h */ = {isa = PBXFileReference; fileEncoding = 4; lastKnownFileType = sourcecode.c.h; path = WOAWorkflowTypeListViewController.h; sourceTree = "<group>"; };
		DC8B099C193B89B800217F45 /* WOAWorkflowTypeListViewController.m */ = {isa = PBXFileReference; fileEncoding = 4; lastKnownFileType = sourcecode.c.objc; path = WOAWorkflowTypeListViewController.m; sourceTree = "<group>"; };
		DC8F5B38195397B400C0688C /* UIColor+AppTheme.h */ = {isa = PBXFileReference; fileEncoding = 4; lastKnownFileType = sourcecode.c.h; path = "UIColor+AppTheme.h"; sourceTree = "<group>"; };
		DC8F5B39195397B400C0688C /* UIColor+AppTheme.m */ = {isa = PBXFileReference; fileEncoding = 4; lastKnownFileType = sourcecode.c.objc; path = "UIColor+AppTheme.m"; sourceTree = "<group>"; };
		DCA7A26E19490E48000D7EBE /* VSActionSheetPickerView.h */ = {isa = PBXFileReference; fileEncoding = 4; lastKnownFileType = sourcecode.c.h; path = VSActionSheetPickerView.h; sourceTree = "<group>"; };
		DCA7A26F19490E48000D7EBE /* VSActionSheetPickerView.m */ = {isa = PBXFileReference; fileEncoding = 4; lastKnownFileType = sourcecode.c.objc; path = VSActionSheetPickerView.m; sourceTree = "<group>"; };
		DCAAE19B193F478A00AF2AF0 /* WOAMenuItemModel.h */ = {isa = PBXFileReference; fileEncoding = 4; lastKnownFileType = sourcecode.c.h; path = WOAMenuItemModel.h; sourceTree = "<group>"; };
		DCAAE19C193F478A00AF2AF0 /* WOAMenuItemModel.m */ = {isa = PBXFileReference; fileEncoding = 4; lastKnownFileType = sourcecode.c.objc; path = WOAMenuItemModel.m; sourceTree = "<group>"; };
		DCAAE257193FE10A00AF2AF0 /* WOAAboutViewController.h */ = {isa = PBXFileReference; fileEncoding = 4; lastKnownFileType = sourcecode.c.h; path = WOAAboutViewController.h; sourceTree = "<group>"; };
		DCAAE258193FE10A00AF2AF0 /* WOAAboutViewController.m */ = {isa = PBXFileReference; fileEncoding = 4; lastKnownFileType = sourcecode.c.objc; path = WOAAboutViewController.m; sourceTree = "<group>"; };
		DCAAE259193FE10A00AF2AF0 /* WOAAboutViewController.xib */ = {isa = PBXFileReference; fileEncoding = 4; lastKnownFileType = file.xib; path = WOAAboutViewController.xib; sourceTree = "<group>"; };
		DCAAE25C193FE61500AF2AF0 /* WOALoginViewController.xib */ = {isa = PBXFileReference; fileEncoding = 4; lastKnownFileType = file.xib; path = WOALoginViewController.xib; sourceTree = "<group>"; };
		DCB3459E194BD4E3006519E8 /* WOAStartWorkflowActionReqeust.h */ = {isa = PBXFileReference; fileEncoding = 4; lastKnownFileType = sourcecode.c.h; path = WOAStartWorkflowActionReqeust.h; sourceTree = "<group>"; };
		DCB3459F194BD8D5006519E8 /* VSSelectedTableViewCell.h */ = {isa = PBXFileReference; fileEncoding = 4; lastKnownFileType = sourcecode.c.h; path = VSSelectedTableViewCell.h; sourceTree = "<group>"; };
		DCB345A0194BD8D5006519E8 /* VSSelectedTableViewCell.m */ = {isa = PBXFileReference; fileEncoding = 4; lastKnownFileType = sourcecode.c.objc; path = VSSelectedTableViewCell.m; sourceTree = "<group>"; };
		DCB3465B194BDA20006519E8 /* WOALoadingViewController.xib */ = {isa = PBXFileReference; fileEncoding = 4; lastKnownFileType = file.xib; path = WOALoadingViewController.xib; sourceTree = "<group>"; };
		DCC82DC1194D9927001FE18B /* UINavigationController+RootViewController.h */ = {isa = PBXFileReference; fileEncoding = 4; lastKnownFileType = sourcecode.c.h; path = "UINavigationController+RootViewController.h"; sourceTree = "<group>"; };
		DCC82DC2194D9927001FE18B /* UINavigationController+RootViewController.m */ = {isa = PBXFileReference; fileEncoding = 4; lastKnownFileType = sourcecode.c.objc; path = "UINavigationController+RootViewController.m"; sourceTree = "<group>"; };
/* End PBXFileReference section */

/* Begin PBXFrameworksBuildPhase section */
		DC2D3FB1193A10C300069BB8 /* Frameworks */ = {
			isa = PBXFrameworksBuildPhase;
			buildActionMask = 2147483647;
			files = (
				DC2D3FBA193A10C300069BB8 /* CoreGraphics.framework in Frameworks */,
				DC2D3FBC193A10C300069BB8 /* UIKit.framework in Frameworks */,
				DC2D3FB8193A10C300069BB8 /* Foundation.framework in Frameworks */,
			);
			runOnlyForDeploymentPostprocessing = 0;
		};
		DC2D3FCC193A10C300069BB8 /* Frameworks */ = {
			isa = PBXFrameworksBuildPhase;
			buildActionMask = 2147483647;
			files = (
				DC2D3FD1193A10C300069BB8 /* XCTest.framework in Frameworks */,
				DC2D3FD3193A10C300069BB8 /* UIKit.framework in Frameworks */,
				DC2D3FD2193A10C300069BB8 /* Foundation.framework in Frameworks */,
			);
			runOnlyForDeploymentPostprocessing = 0;
		};
/* End PBXFrameworksBuildPhase section */

/* Begin PBXGroup section */
		43306981193D6F5A009006A4 /* thirdparty */ = {
			isa = PBXGroup;
			children = (
			);
			path = thirdparty;
			sourceTree = "<group>";
		};
		DC2D3FAB193A10C300069BB8 = {
			isa = PBXGroup;
			children = (
				DC2D3FBD193A10C300069BB8 /* WOAMobile */,
				DC2D3FD6193A10C300069BB8 /* WOAMobileTests */,
				DC2D3FB6193A10C300069BB8 /* Frameworks */,
				DC2D3FB5193A10C300069BB8 /* Products */,
			);
			sourceTree = "<group>";
		};
		DC2D3FB5193A10C300069BB8 /* Products */ = {
			isa = PBXGroup;
			children = (
				DC2D3FB4193A10C300069BB8 /* WOAMobile.app */,
				DC2D3FCF193A10C300069BB8 /* WOAMobileTests.xctest */,
			);
			name = Products;
			sourceTree = "<group>";
		};
		DC2D3FB6193A10C300069BB8 /* Frameworks */ = {
			isa = PBXGroup;
			children = (
				DC2D3FB7193A10C300069BB8 /* Foundation.framework */,
				DC2D3FB9193A10C300069BB8 /* CoreGraphics.framework */,
				DC2D3FBB193A10C300069BB8 /* UIKit.framework */,
				DC2D3FD0193A10C300069BB8 /* XCTest.framework */,
			);
			name = Frameworks;
			sourceTree = "<group>";
		};
		DC2D3FBD193A10C300069BB8 /* WOAMobile */ = {
			isa = PBXGroup;
			children = (
				DC2D3FC6193A10C300069BB8 /* WOAAppDelegate.h */,
				DC2D3FC7193A10C300069BB8 /* WOAAppDelegate.m */,
				DC2D3FC9193A10C300069BB8 /* Images.xcassets */,
				DC2D3FBE193A10C300069BB8 /* Supporting Files */,
				DC834F3B19445FBF00C724BE /* WOALayout.h */,
				DC834F3C19445FBF00C724BE /* WOALayout.m */,
				DC8B0850193A159400217F45 /* WOALoginViewController.h */,
				DC8B0851193A159400217F45 /* WOALoginViewController.m */,
				DCAAE25C193FE61500AF2AF0 /* WOALoginViewController.xib */,
				DC8B0983193B89B700217F45 /* WOALoadingViewController.h */,
				DC8B0984193B89B700217F45 /* WOALoadingViewController.m */,
				DCB3465B194BDA20006519E8 /* WOALoadingViewController.xib */,
				DC8B0989193B89B700217F45 /* WOARootViewController.h */,
				DC8B098A193B89B700217F45 /* WOARootViewController.m */,
				DCB3459E194BD4E3006519E8 /* WOAStartWorkflowActionReqeust.h */,
				DC8B099B193B89B800217F45 /* WOAWorkflowTypeListViewController.h */,
				DC8B099C193B89B800217F45 /* WOAWorkflowTypeListViewController.m */,
				DC8B097D193B89B700217F45 /* WOAWorkflowDetailViewController.h */,
				DC8B097E193B89B700217F45 /* WOAWorkflowDetailViewController.m */,
				DC8B098B193B89B800217F45 /* WOASelectNextReviewerViewController.h */,
				DC8B098C193B89B800217F45 /* WOASelectNextReviewerViewController.m */,
				DC8B0999193B89B800217F45 /* WOAWorkflowFormListViewController.h */,
				DC8B099A193B89B800217F45 /* WOAWorkflowFormListViewController.m */,
				DCAAE19B193F478A00AF2AF0 /* WOAMenuItemModel.h */,
				DCAAE19C193F478A00AF2AF0 /* WOAMenuItemModel.m */,
				DC8B0985193B89B700217F45 /* WOAMoreFeatureViewController.h */,
				DC8B0986193B89B700217F45 /* WOAMoreFeatureViewController.m */,
				DC8B0853193A173B00217F45 /* WOAPropertyInfo.h */,
				DC8B0854193A173B00217F45 /* WOAPropertyInfo.m */,
				DC8B090F193A28F600217F45 /* WOABrandData.h */,
				DC8B0910193A28F600217F45 /* WOABrandData.m */,
				43306999193D72F1009006A4 /* WOAAccountCredential.h */,
				4330699A193D72F1009006A4 /* WOAAccountCredential.m */,
				43306996193D72D9009006A4 /* WOASessionTokens.h */,
				43306997193D72D9009006A4 /* WOASessionTokens.m */,
				DC8B098F193B89B800217F45 /* WOASession.h */,
				DC8B0990193B89B800217F45 /* WOASession.m */,
				DC8B0977193B89B700217F45 /* WOAFlowDefine.h */,
				DC8B0978193B89B700217F45 /* WOAFlowDefine.m */,
				DC834E721942176000C724BE /* WOAPacketHelper.h */,
				DC834E731942176000C724BE /* WOAPacketHelper.m */,
				DC83A8571940C2E2003C7AB6 /* WOARequestContent.h */,
				DC83A8581940C2E2003C7AB6 /* WOARequestContent.m */,
				DC83A85A1940C2F1003C7AB6 /* WOAResponeContent.h */,
				DC83A85B1940C2F1003C7AB6 /* WOAResponeContent.m */,
				DC8B0975193B89B700217F45 /* WOAFlowController.h */,
				DC8B0976193B89B700217F45 /* WOAFlowController.m */,
				DC8B097B193B89B700217F45 /* WOAHTTPRequester.h */,
				DC8B097C193B89B700217F45 /* WOAHTTPRequester.m */,
				432C2C28193F156F008F25F7 /* WOACheckForUpdate.h */,
				432C2C29193F156F008F25F7 /* WOACheckForUpdate.m */,
				43306981193D6F5A009006A4 /* thirdparty */,
				DCAAE257193FE10A00AF2AF0 /* WOAAboutViewController.h */,
				DCAAE258193FE10A00AF2AF0 /* WOAAboutViewController.m */,
				DCAAE259193FE10A00AF2AF0 /* WOAAboutViewController.xib */,
				DC834F2E194288A000C724BE /* NSString+PinyinInitial.h */,
				DC834F2F194288A000C724BE /* NSString+PinyinInitial.m */,
				433871E919470B18007FD6D5 /* VSActionSheetDatePicker.h */,
				433871EA19470B18007FD6D5 /* VSActionSheetDatePicker.m */,
				DCA7A26E19490E48000D7EBE /* VSActionSheetPickerView.h */,
				DCA7A26F19490E48000D7EBE /* VSActionSheetPickerView.m */,
				DCB3459F194BD8D5006519E8 /* VSSelectedTableViewCell.h */,
				DCB345A0194BD8D5006519E8 /* VSSelectedTableViewCell.m */,
				4343832619485AF200F108A3 /* WOADynamicLabelTextField.h */,
				4343832719485AF200F108A3 /* WOADynamicLabelTextField.m */,
				DCC82DC1194D9927001FE18B /* UINavigationController+RootViewController.h */,
				DCC82DC2194D9927001FE18B /* UINavigationController+RootViewController.m */,
				43460A6B194EACE000E9CDDE /* NSData+HexadecimalRepresentation.h */,
				43460A6C194EACE000E9CDDE /* NSData+HexadecimalRepresentation.m */,
				DC8F5B38195397B400C0688C /* UIColor+AppTheme.h */,
				DC8F5B39195397B400C0688C /* UIColor+AppTheme.m */,
				433B431A1953CC4A00B2D5D0 /* WOASplashViewController.h */,
				433B431B1953CC4A00B2D5D0 /* WOASplashViewController.m */,
				4393824A19540E2E00062FC9 /* VSPopoverDefine.h */,
				4393824B19540E2E00062FC9 /* VSPopoverDefine.m */,
				4393824719540D6100062FC9 /* VSPopoverBackgroundView.h */,
				4393824819540D6100062FC9 /* VSPopoverBackgroundView.m */,
				4393824D195415F900062FC9 /* VSPopoverView.h */,
				4393824E195415F900062FC9 /* VSPopoverView.m */,
				4393825019541A8C00062FC9 /* VSPopoverController.h */,
				4393825119541A8C00062FC9 /* VSPopoverController.m */,
				4393825319541CD000062FC9 /* UIBarButtonItem+VSPopoverViewController.h */,
				4393825419541CD000062FC9 /* UIBarButtonItem+VSPopoverViewController.m */,
				4393825619542A2400062FC9 /* WOAListViewController.h */,
				4393825719542A2400062FC9 /* WOAListViewController.m */,
			);
			path = WOAMobile;
			sourceTree = "<group>";
		};
		DC2D3FBE193A10C300069BB8 /* Supporting Files */ = {
			isa = PBXGroup;
			children = (
				DC2D3FBF193A10C300069BB8 /* WOAMobile-Info.plist */,
				DC2D3FC0193A10C300069BB8 /* InfoPlist.strings */,
				DC2D3FC3193A10C300069BB8 /* main.m */,
				DC2D3FC5193A10C300069BB8 /* WOAMobile-Prefix.pch */,
			);
			name = "Supporting Files";
			sourceTree = "<group>";
		};
		DC2D3FD6193A10C300069BB8 /* WOAMobileTests */ = {
			isa = PBXGroup;
			children = (
				DC2D3FDC193A10C300069BB8 /* WOAMobileTests.m */,
				DC2D3FD7193A10C300069BB8 /* Supporting Files */,
			);
			path = WOAMobileTests;
			sourceTree = "<group>";
		};
		DC2D3FD7193A10C300069BB8 /* Supporting Files */ = {
			isa = PBXGroup;
			children = (
				DC2D3FD8193A10C300069BB8 /* WOAMobileTests-Info.plist */,
				DC2D3FD9193A10C300069BB8 /* InfoPlist.strings */,
			);
			name = "Supporting Files";
			sourceTree = "<group>";
		};
/* End PBXGroup section */

/* Begin PBXNativeTarget section */
		DC2D3FB3193A10C300069BB8 /* WOAMobile */ = {
			isa = PBXNativeTarget;
			buildConfigurationList = DC2D3FE0193A10C300069BB8 /* Build configuration list for PBXNativeTarget "WOAMobile" */;
			buildPhases = (
				DC2D3FB0193A10C300069BB8 /* Sources */,
				DC2D3FB1193A10C300069BB8 /* Frameworks */,
				DC2D3FB2193A10C300069BB8 /* Resources */,
			);
			buildRules = (
			);
			dependencies = (
			);
			name = WOAMobile;
			productName = WOAMobile;
			productReference = DC2D3FB4193A10C300069BB8 /* WOAMobile.app */;
			productType = "com.apple.product-type.application";
		};
		DC2D3FCE193A10C300069BB8 /* WOAMobileTests */ = {
			isa = PBXNativeTarget;
			buildConfigurationList = DC2D3FE3193A10C300069BB8 /* Build configuration list for PBXNativeTarget "WOAMobileTests" */;
			buildPhases = (
				DC2D3FCB193A10C300069BB8 /* Sources */,
				DC2D3FCC193A10C300069BB8 /* Frameworks */,
				DC2D3FCD193A10C300069BB8 /* Resources */,
			);
			buildRules = (
			);
			dependencies = (
				DC2D3FD5193A10C300069BB8 /* PBXTargetDependency */,
			);
			name = WOAMobileTests;
			productName = WOAMobileTests;
			productReference = DC2D3FCF193A10C300069BB8 /* WOAMobileTests.xctest */;
			productType = "com.apple.product-type.bundle.unit-test";
		};
/* End PBXNativeTarget section */

/* Begin PBXProject section */
		DC2D3FAC193A10C300069BB8 /* Project object */ = {
			isa = PBXProject;
			attributes = {
				CLASSPREFIX = WOA;
				LastUpgradeCheck = 0510;
				ORGANIZATIONNAME = steven.zhuang;
				TargetAttributes = {
					DC2D3FCE193A10C300069BB8 = {
						TestTargetID = DC2D3FB3193A10C300069BB8;
					};
				};
			};
			buildConfigurationList = DC2D3FAF193A10C300069BB8 /* Build configuration list for PBXProject "WOAMobile" */;
			compatibilityVersion = "Xcode 3.2";
			developmentRegion = English;
			hasScannedForEncodings = 0;
			knownRegions = (
				en,
				"zh-Hans",
			);
			mainGroup = DC2D3FAB193A10C300069BB8;
			productRefGroup = DC2D3FB5193A10C300069BB8 /* Products */;
			projectDirPath = "";
			projectRoot = "";
			targets = (
				DC2D3FB3193A10C300069BB8 /* WOAMobile */,
				DC2D3FCE193A10C300069BB8 /* WOAMobileTests */,
			);
		};
/* End PBXProject section */

/* Begin PBXResourcesBuildPhase section */
		DC2D3FB2193A10C300069BB8 /* Resources */ = {
			isa = PBXResourcesBuildPhase;
			buildActionMask = 2147483647;
			files = (
				DC2D3FC2193A10C300069BB8 /* InfoPlist.strings in Resources */,
				DCB3465C194BDA20006519E8 /* WOALoadingViewController.xib in Resources */,
				DCAAE25B193FE10A00AF2AF0 /* WOAAboutViewController.xib in Resources */,
				DCAAE25D193FE61500AF2AF0 /* WOALoginViewController.xib in Resources */,
				DC2D3FCA193A10C300069BB8 /* Images.xcassets in Resources */,
			);
			runOnlyForDeploymentPostprocessing = 0;
		};
		DC2D3FCD193A10C300069BB8 /* Resources */ = {
			isa = PBXResourcesBuildPhase;
			buildActionMask = 2147483647;
			files = (
				DC2D3FDB193A10C300069BB8 /* InfoPlist.strings in Resources */,
			);
			runOnlyForDeploymentPostprocessing = 0;
		};
/* End PBXResourcesBuildPhase section */

/* Begin PBXSourcesBuildPhase section */
		DC2D3FB0193A10C300069BB8 /* Sources */ = {
			isa = PBXSourcesBuildPhase;
			buildActionMask = 2147483647;
			files = (
				4330699B193D72F1009006A4 /* WOAAccountCredential.m in Sources */,
				DC8B09B0193B89B800217F45 /* WOAWorkflowTypeListViewController.m in Sources */,
				DC834F3D19445FBF00C724BE /* WOALayout.m in Sources */,
				DCC82DC3194D9927001FE18B /* UINavigationController+RootViewController.m in Sources */,
				4393825219541A8C00062FC9 /* VSPopoverController.m in Sources */,
				DCB345A1194BD8D5006519E8 /* VSSelectedTableViewCell.m in Sources */,
				DC8B09A1193B89B800217F45 /* WOAWorkflowDetailViewController.m in Sources */,
				DC834F30194288A000C724BE /* NSString+PinyinInitial.m in Sources */,
				4393824C19540E2E00062FC9 /* VSPopoverDefine.m in Sources */,
				4393825519541CD000062FC9 /* UIBarButtonItem+VSPopoverViewController.m in Sources */,
				DC8B0855193A173B00217F45 /* WOAPropertyInfo.m in Sources */,
				4343832819485AF200F108A3 /* WOADynamicLabelTextField.m in Sources */,
				DC2D3FC8193A10C300069BB8 /* WOAAppDelegate.m in Sources */,
				DC2D3FC4193A10C300069BB8 /* main.m in Sources */,
				DCA7A27019490E48000D7EBE /* VSActionSheetPickerView.m in Sources */,
				43306998193D72D9009006A4 /* WOASessionTokens.m in Sources */,
				433B431D1953CC4A00B2D5D0 /* WOASplashViewController.m in Sources */,
				DC8B099D193B89B800217F45 /* WOAFlowController.m in Sources */,
				DC8B09AA193B89B800217F45 /* WOASession.m in Sources */,
				DC83A8591940C2E2003C7AB6 /* WOARequestContent.m in Sources */,
				DC8B09A5193B89B800217F45 /* WOAMoreFeatureViewController.m in Sources */,
				DC83A85C1940C2F1003C7AB6 /* WOAResponeContent.m in Sources */,
				DC8B09A8193B89B800217F45 /* WOASelectNextReviewerViewController.m in Sources */,
				433871EB19470B18007FD6D5 /* VSActionSheetDatePicker.m in Sources */,
				4393824F195415F900062FC9 /* VSPopoverView.m in Sources */,
				DC8B09A0193B89B800217F45 /* WOAHTTPRequester.m in Sources */,
				DC8B09A4193B89B800217F45 /* WOALoadingViewController.m in Sources */,
				DC8B099E193B89B800217F45 /* WOAFlowDefine.m in Sources */,
				4393825819542A2400062FC9 /* WOAListViewController.m in Sources */,
				DCAAE25A193FE10A00AF2AF0 /* WOAAboutViewController.m in Sources */,
				DC8B09A7193B89B800217F45 /* WOARootViewController.m in Sources */,
				DCAAE19D193F478A00AF2AF0 /* WOAMenuItemModel.m in Sources */,
				DC8F5B3A195397B400C0688C /* UIColor+AppTheme.m in Sources */,
				432C2C2A193F156F008F25F7 /* WOACheckForUpdate.m in Sources */,
				4393824919540D6100062FC9 /* VSPopoverBackgroundView.m in Sources */,
				DC834E741942176000C724BE /* WOAPacketHelper.m in Sources */,
				DC8B0911193A28F600217F45 /* WOABrandData.m in Sources */,
				43460A6D194EACE000E9CDDE /* NSData+HexadecimalRepresentation.m in Sources */,
				DC8B0852193A159400217F45 /* WOALoginViewController.m in Sources */,
				DC8B09AF193B89B800217F45 /* WOAWorkflowFormListViewController.m in Sources */,
			);
			runOnlyForDeploymentPostprocessing = 0;
		};
		DC2D3FCB193A10C300069BB8 /* Sources */ = {
			isa = PBXSourcesBuildPhase;
			buildActionMask = 2147483647;
			files = (
				DC2D3FDD193A10C300069BB8 /* WOAMobileTests.m in Sources */,
			);
			runOnlyForDeploymentPostprocessing = 0;
		};
/* End PBXSourcesBuildPhase section */

/* Begin PBXTargetDependency section */
		DC2D3FD5193A10C300069BB8 /* PBXTargetDependency */ = {
			isa = PBXTargetDependency;
			target = DC2D3FB3193A10C300069BB8 /* WOAMobile */;
			targetProxy = DC2D3FD4193A10C300069BB8 /* PBXContainerItemProxy */;
		};
/* End PBXTargetDependency section */

/* Begin PBXVariantGroup section */
		DC2D3FC0193A10C300069BB8 /* InfoPlist.strings */ = {
			isa = PBXVariantGroup;
			children = (
				DC2D3FC1193A10C300069BB8 /* en */,
				DC19B9AD194F32FE00F446C4 /* zh-Hans */,
			);
			name = InfoPlist.strings;
			sourceTree = "<group>";
		};
		DC2D3FD9193A10C300069BB8 /* InfoPlist.strings */ = {
			isa = PBXVariantGroup;
			children = (
				DC2D3FDA193A10C300069BB8 /* en */,
				DC19B9AE194F32FE00F446C4 /* zh-Hans */,
			);
			name = InfoPlist.strings;
			sourceTree = "<group>";
		};
/* End PBXVariantGroup section */

/* Begin XCBuildConfiguration section */
		DC2D3FDE193A10C300069BB8 /* Debug */ = {
			isa = XCBuildConfiguration;
			buildSettings = {
				ALWAYS_SEARCH_USER_PATHS = NO;
				CLANG_CXX_LANGUAGE_STANDARD = "gnu++0x";
				CLANG_CXX_LIBRARY = "libc++";
				CLANG_ENABLE_MODULES = YES;
				CLANG_ENABLE_OBJC_ARC = YES;
				CLANG_WARN_BOOL_CONVERSION = YES;
				CLANG_WARN_CONSTANT_CONVERSION = YES;
				CLANG_WARN_DIRECT_OBJC_ISA_USAGE = YES_ERROR;
				CLANG_WARN_EMPTY_BODY = YES;
				CLANG_WARN_ENUM_CONVERSION = YES;
				CLANG_WARN_INT_CONVERSION = YES;
				CLANG_WARN_OBJC_ROOT_CLASS = YES_ERROR;
				CLANG_WARN__DUPLICATE_METHOD_MATCH = YES;
				"CODE_SIGN_IDENTITY[sdk=iphoneos*]" = "iPhone Developer";
				COPY_PHASE_STRIP = NO;
				GCC_C_LANGUAGE_STANDARD = gnu99;
				GCC_DYNAMIC_NO_PIC = NO;
				GCC_OPTIMIZATION_LEVEL = 0;
				GCC_PREPROCESSOR_DEFINITIONS = (
					"DEBUG=1",
					"$(inherited)",
				);
				GCC_SYMBOLS_PRIVATE_EXTERN = NO;
				GCC_WARN_64_TO_32_BIT_CONVERSION = YES;
				GCC_WARN_ABOUT_RETURN_TYPE = YES_ERROR;
				GCC_WARN_UNDECLARED_SELECTOR = YES;
				GCC_WARN_UNINITIALIZED_AUTOS = YES_AGGRESSIVE;
				GCC_WARN_UNUSED_FUNCTION = YES;
				GCC_WARN_UNUSED_VARIABLE = YES;
				HEADER_SEARCH_PATHS = (
					"$(inherited)",
					/Applications/Xcode.app/Contents/Developer/Toolchains/XcodeDefault.xctoolchain/usr/include,
					"$(SRCROOT)/WOAMobile/thirdparty",
				);
				IPHONEOS_DEPLOYMENT_TARGET = 7.1;
				ONLY_ACTIVE_ARCH = YES;
				SDKROOT = iphoneos;
			};
			name = Debug;
		};
		DC2D3FDF193A10C300069BB8 /* Release */ = {
			isa = XCBuildConfiguration;
			buildSettings = {
				ALWAYS_SEARCH_USER_PATHS = NO;
				CLANG_CXX_LANGUAGE_STANDARD = "gnu++0x";
				CLANG_CXX_LIBRARY = "libc++";
				CLANG_ENABLE_MODULES = YES;
				CLANG_ENABLE_OBJC_ARC = YES;
				CLANG_WARN_BOOL_CONVERSION = YES;
				CLANG_WARN_CONSTANT_CONVERSION = YES;
				CLANG_WARN_DIRECT_OBJC_ISA_USAGE = YES_ERROR;
				CLANG_WARN_EMPTY_BODY = YES;
				CLANG_WARN_ENUM_CONVERSION = YES;
				CLANG_WARN_INT_CONVERSION = YES;
				CLANG_WARN_OBJC_ROOT_CLASS = YES_ERROR;
				CLANG_WARN__DUPLICATE_METHOD_MATCH = YES;
				"CODE_SIGN_IDENTITY[sdk=iphoneos*]" = "iPhone Developer";
				COPY_PHASE_STRIP = YES;
				ENABLE_NS_ASSERTIONS = NO;
				GCC_C_LANGUAGE_STANDARD = gnu99;
				GCC_WARN_64_TO_32_BIT_CONVERSION = YES;
				GCC_WARN_ABOUT_RETURN_TYPE = YES_ERROR;
				GCC_WARN_UNDECLARED_SELECTOR = YES;
				GCC_WARN_UNINITIALIZED_AUTOS = YES_AGGRESSIVE;
				GCC_WARN_UNUSED_FUNCTION = YES;
				GCC_WARN_UNUSED_VARIABLE = YES;
				HEADER_SEARCH_PATHS = (
					"$(inherited)",
					/Applications/Xcode.app/Contents/Developer/Toolchains/XcodeDefault.xctoolchain/usr/include,
					"$(SRCROOT)/WOAMobile/thirdparty",
				);
				IPHONEOS_DEPLOYMENT_TARGET = 7.1;
				SDKROOT = iphoneos;
				VALIDATE_PRODUCT = YES;
			};
			name = Release;
		};
		DC2D3FE1193A10C300069BB8 /* Debug */ = {
			isa = XCBuildConfiguration;
			buildSettings = {
				ASSETCATALOG_COMPILER_APPICON_NAME = AppIcon;
				ASSETCATALOG_COMPILER_LAUNCHIMAGE_NAME = LaunchImage;
				CODE_SIGN_IDENTITY = "iPhone Developer";
				GCC_PRECOMPILE_PREFIX_HEADER = YES;
				GCC_PREFIX_HEADER = "WOAMobile/WOAMobile-Prefix.pch";
				INFOPLIST_FILE = "WOAMobile/WOAMobile-Info.plist";
				PRODUCT_NAME = "$(TARGET_NAME)";
				WRAPPER_EXTENSION = app;
			};
			name = Debug;
		};
		DC2D3FE2193A10C300069BB8 /* Release */ = {
			isa = XCBuildConfiguration;
			buildSettings = {
				ASSETCATALOG_COMPILER_APPICON_NAME = AppIcon;
				ASSETCATALOG_COMPILER_LAUNCHIMAGE_NAME = LaunchImage;
				CODE_SIGN_IDENTITY = "iPhone Developer";
				GCC_PRECOMPILE_PREFIX_HEADER = YES;
				GCC_PREFIX_HEADER = "WOAMobile/WOAMobile-Prefix.pch";
				INFOPLIST_FILE = "WOAMobile/WOAMobile-Info.plist";
				PRODUCT_NAME = "$(TARGET_NAME)";
				WRAPPER_EXTENSION = app;
			};
			name = Release;
		};
		DC2D3FE4193A10C300069BB8 /* Debug */ = {
			isa = XCBuildConfiguration;
			buildSettings = {
				BUNDLE_LOADER = "$(BUILT_PRODUCTS_DIR)/WOAMobile.app/WOAMobile";
				FRAMEWORK_SEARCH_PATHS = (
					"$(SDKROOT)/Developer/Library/Frameworks",
					"$(inherited)",
					"$(DEVELOPER_FRAMEWORKS_DIR)",
				);
				GCC_PRECOMPILE_PREFIX_HEADER = YES;
				GCC_PREFIX_HEADER = "WOAMobile/WOAMobile-Prefix.pch";
				GCC_PREPROCESSOR_DEFINITIONS = (
					"DEBUG=1",
					"$(inherited)",
				);
				INFOPLIST_FILE = "WOAMobileTests/WOAMobileTests-Info.plist";
				PRODUCT_NAME = "$(TARGET_NAME)";
				TEST_HOST = "$(BUNDLE_LOADER)";
				WRAPPER_EXTENSION = xctest;
			};
			name = Debug;
		};
		DC2D3FE5193A10C300069BB8 /* Release */ = {
			isa = XCBuildConfiguration;
			buildSettings = {
				BUNDLE_LOADER = "$(BUILT_PRODUCTS_DIR)/WOAMobile.app/WOAMobile";
				FRAMEWORK_SEARCH_PATHS = (
					"$(SDKROOT)/Developer/Library/Frameworks",
					"$(inherited)",
					"$(DEVELOPER_FRAMEWORKS_DIR)",
				);
				GCC_PRECOMPILE_PREFIX_HEADER = YES;
				GCC_PREFIX_HEADER = "WOAMobile/WOAMobile-Prefix.pch";
				INFOPLIST_FILE = "WOAMobileTests/WOAMobileTests-Info.plist";
				PRODUCT_NAME = "$(TARGET_NAME)";
				TEST_HOST = "$(BUNDLE_LOADER)";
				WRAPPER_EXTENSION = xctest;
			};
			name = Release;
		};
/* End XCBuildConfiguration section */

/* Begin XCConfigurationList section */
		DC2D3FAF193A10C300069BB8 /* Build configuration list for PBXProject "WOAMobile" */ = {
			isa = XCConfigurationList;
			buildConfigurations = (
				DC2D3FDE193A10C300069BB8 /* Debug */,
				DC2D3FDF193A10C300069BB8 /* Release */,
			);
			defaultConfigurationIsVisible = 0;
			defaultConfigurationName = Release;
		};
		DC2D3FE0193A10C300069BB8 /* Build configuration list for PBXNativeTarget "WOAMobile" */ = {
			isa = XCConfigurationList;
			buildConfigurations = (
				DC2D3FE1193A10C300069BB8 /* Debug */,
				DC2D3FE2193A10C300069BB8 /* Release */,
			);
			defaultConfigurationIsVisible = 0;
			defaultConfigurationName = Release;
		};
		DC2D3FE3193A10C300069BB8 /* Build configuration list for PBXNativeTarget "WOAMobileTests" */ = {
			isa = XCConfigurationList;
			buildConfigurations = (
				DC2D3FE4193A10C300069BB8 /* Debug */,
				DC2D3FE5193A10C300069BB8 /* Release */,
			);
			defaultConfigurationIsVisible = 0;
			defaultConfigurationName = Release;
		};
/* End XCConfigurationList section */
	};
	rootObject = DC2D3FAC193A10C300069BB8 /* Project object */;
}
